
Microsoft Visual Studio Solution File, Format Version 12.00
# Visual Studio Version 17
VisualStudioVersion = 17.4.33213.308
MinimumVisualStudioVersion = 10.0.40219.1
Project("{FAE04EC0-301F-11D3-BF4B-00C04F79EFBC}") = "RoundTheCode.DA", "RoundTheCode.DA\RoundTheCode.DA.csproj", "{2A449F62-A351-440A-A453-ED76A9875BA8}"
EndProject
Global
	GlobalSection(SolutionConfigurationPlatforms) = preSolution
		Debug|Any CPU = Debug|Any CPU
		Release|Any CPU = Release|Any CPU
	EndGlobalSection
	GlobalSection(ProjectConfigurationPlatforms) = postSolution
		{2A449F62-A351-440A-A453-ED76A9875BA8}.Debug|Any CPU.ActiveCfg = Debug|Any CPU
		{2A449F62-A351-440A-A453-ED76A9875BA8}.Debug|Any CPU.Build.0 = Debug|Any CPU
		{2A449F62-A351-440A-A453-ED76A9875BA8}.Release|Any CPU.ActiveCfg = Release|Any CPU
		{2A449F62-A351-440A-A453-ED76A9875BA8}.Release|Any CPU.Build.0 = Release|Any CPU
	EndGlobalSection
	GlobalSection(SolutionProperties) = preSolution
		HideSolutionNode = FALSE
	EndGlobalSection
	GlobalSection(ExtensibilityGlobals) = postSolution
		SolutionGuid = {791AC0A3-9529-4702-ACC2-C93B87210B60}
	EndGlobalSection
EndGlobal
